// !$*UTF8*$!
{
	archiveVersion = 1;
	classes = {
	};
	objectVersion = 46;
	objects = {

/* Begin PBXBuildFile section */
		4555550B1B8D8B0D0095499D /* main.m in Sources */ = {isa = PBXBuildFile; fileRef = 4555550A1B8D8B0D0095499D /* main.m */; };
		4555550E1B8D8B0D0095499D /* AppDelegate.m in Sources */ = {isa = PBXBuildFile; fileRef = 4555550D1B8D8B0D0095499D /* AppDelegate.m */; };
		455555111B8D8B0D0095499D /* ViewController.m in Sources */ = {isa = PBXBuildFile; fileRef = 455555101B8D8B0D0095499D /* ViewController.m */; };
		455555141B8D8B0D0095499D /* Main.storyboard in Resources */ = {isa = PBXBuildFile; fileRef = 455555121B8D8B0D0095499D /* Main.storyboard */; };
		455555161B8D8B0D0095499D /* Images.xcassets in Resources */ = {isa = PBXBuildFile; fileRef = 455555151B8D8B0D0095499D /* Images.xcassets */; };
		455555191B8D8B0D0095499D /* LaunchScreen.xib in Resources */ = {isa = PBXBuildFile; fileRef = 455555171B8D8B0D0095499D /* LaunchScreen.xib */; };
		455555251B8D8B0D0095499D /* MatchismoTests.m in Sources */ = {isa = PBXBuildFile; fileRef = 455555241B8D8B0D0095499D /* MatchismoTests.m */; };
		455744701B8DA6FD00EC708B /* Card.m in Sources */ = {isa = PBXBuildFile; fileRef = 4557446F1B8DA6FD00EC708B /* Card.m */; };
		455744731B8DA73000EC708B /* PlayingCard.m in Sources */ = {isa = PBXBuildFile; fileRef = 455744721B8DA73000EC708B /* PlayingCard.m */; };
		455744761B8DA74900EC708B /* Deck.m in Sources */ = {isa = PBXBuildFile; fileRef = 455744751B8DA74900EC708B /* Deck.m */; };
		455744791B8DA76600EC708B /* PlayingCardDeck.m in Sources */ = {isa = PBXBuildFile; fileRef = 455744781B8DA76600EC708B /* PlayingCardDeck.m */; };
		45F070641B90060F005ECF68 /* CardMatchingGame.m in Sources */ = {isa = PBXBuildFile; fileRef = 45F070631B90060F005ECF68 /* CardMatchingGame.m */; };
/* End PBXBuildFile section */

/* Begin PBXContainerItemProxy section */
		4555551F1B8D8B0D0095499D /* PBXContainerItemProxy */ = {
			isa = PBXContainerItemProxy;
			containerPortal = 455554FD1B8D8B0D0095499D /* Project object */;
			proxyType = 1;
			remoteGlobalIDString = 455555041B8D8B0D0095499D;
			remoteInfo = Matchismo;
		};
/* End PBXContainerItemProxy section */

/* Begin PBXFileReference section */
		455555051B8D8B0D0095499D /* Matchismo.app */ = {isa = PBXFileReference; explicitFileType = wrapper.application; includeInIndex = 0; path = Matchismo.app; sourceTree = BUILT_PRODUCTS_DIR; };
		455555091B8D8B0D0095499D /* Info.plist */ = {isa = PBXFileReference; lastKnownFileType = text.plist.xml; path = Info.plist; sourceTree = "<group>"; };
		4555550A1B8D8B0D0095499D /* main.m */ = {isa = PBXFileReference; lastKnownFileType = sourcecode.c.objc; path = main.m; sourceTree = "<group>"; };
		4555550C1B8D8B0D0095499D /* AppDelegate.h */ = {isa = PBXFileReference; lastKnownFileType = sourcecode.c.h; path = AppDelegate.h; sourceTree = "<group>"; };
		4555550D1B8D8B0D0095499D /* AppDelegate.m */ = {isa = PBXFileReference; lastKnownFileType = sourcecode.c.objc; path = AppDelegate.m; sourceTree = "<group>"; };
		4555550F1B8D8B0D0095499D /* ViewController.h */ = {isa = PBXFileReference; lastKnownFileType = sourcecode.c.h; path = ViewController.h; sourceTree = "<group>"; };
		455555101B8D8B0D0095499D /* ViewController.m */ = {isa = PBXFileReference; lastKnownFileType = sourcecode.c.objc; path = ViewController.m; sourceTree = "<group>"; };
		455555131B8D8B0D0095499D /* Base */ = {isa = PBXFileReference; lastKnownFileType = file.storyboard; name = Base; path = Base.lproj/Main.storyboard; sourceTree = "<group>"; };
		455555151B8D8B0D0095499D /* Images.xcassets */ = {isa = PBXFileReference; lastKnownFileType = folder.assetcatalog; path = Images.xcassets; sourceTree = "<group>"; };
		455555181B8D8B0D0095499D /* Base */ = {isa = PBXFileReference; lastKnownFileType = file.xib; name = Base; path = Base.lproj/LaunchScreen.xib; sourceTree = "<group>"; };
		4555551E1B8D8B0D0095499D /* MatchismoTests.xctest */ = {isa = PBXFileReference; explicitFileType = wrapper.cfbundle; includeInIndex = 0; path = MatchismoTests.xctest; sourceTree = BUILT_PRODUCTS_DIR; };
		455555231B8D8B0D0095499D /* Info.plist */ = {isa = PBXFileReference; lastKnownFileType = text.plist.xml; path = Info.plist; sourceTree = "<group>"; };
		455555241B8D8B0D0095499D /* MatchismoTests.m */ = {isa = PBXFileReference; lastKnownFileType = sourcecode.c.objc; path = MatchismoTests.m; sourceTree = "<group>"; };
		4557446E1B8DA6FD00EC708B /* Card.h */ = {isa = PBXFileReference; fileEncoding = 4; lastKnownFileType = sourcecode.c.h; name = Card.h; path = Model/Card.h; sourceTree = "<group>"; };
		4557446F1B8DA6FD00EC708B /* Card.m */ = {isa = PBXFileReference; fileEncoding = 4; lastKnownFileType = sourcecode.c.objc; name = Card.m; path = Model/Card.m; sourceTree = "<group>"; };
		455744711B8DA73000EC708B /* PlayingCard.h */ = {isa = PBXFileReference; fileEncoding = 4; lastKnownFileType = sourcecode.c.h; name = PlayingCard.h; path = Model/PlayingCard.h; sourceTree = "<group>"; };
		455744721B8DA73000EC708B /* PlayingCard.m */ = {isa = PBXFileReference; fileEncoding = 4; lastKnownFileType = sourcecode.c.objc; name = PlayingCard.m; path = Model/PlayingCard.m; sourceTree = "<group>"; };
		455744741B8DA74900EC708B /* Deck.h */ = {isa = PBXFileReference; fileEncoding = 4; lastKnownFileType = sourcecode.c.h; name = Deck.h; path = Model/Deck.h; sourceTree = "<group>"; };
		455744751B8DA74900EC708B /* Deck.m */ = {isa = PBXFileReference; fileEncoding = 4; lastKnownFileType = sourcecode.c.objc; name = Deck.m; path = Model/Deck.m; sourceTree = "<group>"; };
		455744771B8DA76600EC708B /* PlayingCardDeck.h */ = {isa = PBXFileReference; fileEncoding = 4; lastKnownFileType = sourcecode.c.h; name = PlayingCardDeck.h; path = Model/PlayingCardDeck.h; sourceTree = "<group>"; };
		455744781B8DA76600EC708B /* PlayingCardDeck.m */ = {isa = PBXFileReference; fileEncoding = 4; lastKnownFileType = sourcecode.c.objc; name = PlayingCardDeck.m; path = Model/PlayingCardDeck.m; sourceTree = "<group>"; };
		45F070621B90060F005ECF68 /* CardMatchingGame.h */ = {isa = PBXFileReference; fileEncoding = 4; lastKnownFileType = sourcecode.c.h; name = CardMatchingGame.h; path = Model/CardMatchingGame.h; sourceTree = "<group>"; };
		45F070631B90060F005ECF68 /* CardMatchingGame.m */ = {isa = PBXFileReference; fileEncoding = 4; lastKnownFileType = sourcecode.c.objc; name = CardMatchingGame.m; path = Model/CardMatchingGame.m; sourceTree = "<group>"; };
/* End PBXFileReference section */

/* Begin PBXFrameworksBuildPhase section */
		455555021B8D8B0D0095499D /* Frameworks */ = {
			isa = PBXFrameworksBuildPhase;
			buildActionMask = 2147483647;
			files = (
			);
			runOnlyForDeploymentPostprocessing = 0;
		};
		4555551B1B8D8B0D0095499D /* Frameworks */ = {
			isa = PBXFrameworksBuildPhase;
			buildActionMask = 2147483647;
			files = (
			);
			runOnlyForDeploymentPostprocessing = 0;
		};
/* End PBXFrameworksBuildPhase section */

/* Begin PBXGroup section */
		455554FC1B8D8B0D0095499D = {
			isa = PBXGroup;
			children = (
				455555071B8D8B0D0095499D /* Matchismo */,
				455555211B8D8B0D0095499D /* MatchismoTests */,
				455555061B8D8B0D0095499D /* Products */,
			);
			sourceTree = "<group>";
		};
		455555061B8D8B0D0095499D /* Products */ = {
			isa = PBXGroup;
			children = (
				455555051B8D8B0D0095499D /* Matchismo.app */,
				4555551E1B8D8B0D0095499D /* MatchismoTests.xctest */,
			);
			name = Products;
			sourceTree = "<group>";
		};
		455555071B8D8B0D0095499D /* Matchismo */ = {
			isa = PBXGroup;
			children = (
				4555550F1B8D8B0D0095499D /* ViewController.h */,
				455555101B8D8B0D0095499D /* ViewController.m */,
				455555121B8D8B0D0095499D /* Main.storyboard */,
				455555151B8D8B0D0095499D /* Images.xcassets */,
				455555171B8D8B0D0095499D /* LaunchScreen.xib */,
				455555081B8D8B0D0095499D /* Supporting Files */,
				455744641B8DA51400EC708B /* Model */,
			);
			path = Matchismo;
			sourceTree = "<group>";
		};
		455555081B8D8B0D0095499D /* Supporting Files */ = {
			isa = PBXGroup;
			children = (
				4555550C1B8D8B0D0095499D /* AppDelegate.h */,
				4555550D1B8D8B0D0095499D /* AppDelegate.m */,
				455555091B8D8B0D0095499D /* Info.plist */,
				4555550A1B8D8B0D0095499D /* main.m */,
			);
			name = "Supporting Files";
			sourceTree = "<group>";
		};
		455555211B8D8B0D0095499D /* MatchismoTests */ = {
			isa = PBXGroup;
			children = (
				455555241B8D8B0D0095499D /* MatchismoTests.m */,
				455555221B8D8B0D0095499D /* Supporting Files */,
			);
			path = MatchismoTests;
			sourceTree = "<group>";
		};
		455555221B8D8B0D0095499D /* Supporting Files */ = {
			isa = PBXGroup;
			children = (
				455555231B8D8B0D0095499D /* Info.plist */,
			);
			name = "Supporting Files";
			sourceTree = "<group>";
		};
		455744641B8DA51400EC708B /* Model */ = {
			isa = PBXGroup;
			children = (
				45F070621B90060F005ECF68 /* CardMatchingGame.h */,
				45F070631B90060F005ECF68 /* CardMatchingGame.m */,
				4557446E1B8DA6FD00EC708B /* Card.h */,
				4557446F1B8DA6FD00EC708B /* Card.m */,
				455744711B8DA73000EC708B /* PlayingCard.h */,
				455744721B8DA73000EC708B /* PlayingCard.m */,
				455744741B8DA74900EC708B /* Deck.h */,
				455744751B8DA74900EC708B /* Deck.m */,
				455744771B8DA76600EC708B /* PlayingCardDeck.h */,
				455744781B8DA76600EC708B /* PlayingCardDeck.m */,
			);
			name = Model;
			sourceTree = "<group>";
		};
/* End PBXGroup section */

/* Begin PBXNativeTarget section */
		455555041B8D8B0D0095499D /* Matchismo */ = {
			isa = PBXNativeTarget;
			buildConfigurationList = 455555281B8D8B0D0095499D /* Build configuration list for PBXNativeTarget "Matchismo" */;
			buildPhases = (
				455555011B8D8B0D0095499D /* Sources */,
				455555021B8D8B0D0095499D /* Frameworks */,
				455555031B8D8B0D0095499D /* Resources */,
			);
			buildRules = (
			);
			dependencies = (
			);
			name = Matchismo;
			productName = Matchismo;
			productReference = 455555051B8D8B0D0095499D /* Matchismo.app */;
			productType = "com.apple.product-type.application";
		};
		4555551D1B8D8B0D0095499D /* MatchismoTests */ = {
			isa = PBXNativeTarget;
			buildConfigurationList = 4555552B1B8D8B0D0095499D /* Build configuration list for PBXNativeTarget "MatchismoTests" */;
			buildPhases = (
				4555551A1B8D8B0D0095499D /* Sources */,
				4555551B1B8D8B0D0095499D /* Frameworks */,
				4555551C1B8D8B0D0095499D /* Resources */,
			);
			buildRules = (
			);
			dependencies = (
				455555201B8D8B0D0095499D /* PBXTargetDependency */,
			);
			name = MatchismoTests;
			productName = MatchismoTests;
			productReference = 4555551E1B8D8B0D0095499D /* MatchismoTests.xctest */;
			productType = "com.apple.product-type.bundle.unit-test";
		};
/* End PBXNativeTarget section */

/* Begin PBXProject section */
		455554FD1B8D8B0D0095499D /* Project object */ = {
			isa = PBXProject;
			attributes = {
				LastUpgradeCheck = 0640;
				ORGANIZATIONNAME = WuEllis;
				TargetAttributes = {
					455555041B8D8B0D0095499D = {
						CreatedOnToolsVersion = 6.4;
					};
					4555551D1B8D8B0D0095499D = {
						CreatedOnToolsVersion = 6.4;
						DevelopmentTeam = K6FVVA5F3C;
						TestTargetID = 455555041B8D8B0D0095499D;
					};
				};
			};
			buildConfigurationList = 455555001B8D8B0D0095499D /* Build configuration list for PBXProject "Matchismo" */;
			compatibilityVersion = "Xcode 3.2";
			developmentRegion = English;
			hasScannedForEncodings = 0;
			knownRegions = (
				en,
				Base,
			);
			mainGroup = 455554FC1B8D8B0D0095499D;
			productRefGroup = 455555061B8D8B0D0095499D /* Products */;
			projectDirPath = "";
			projectRoot = "";
			targets = (
				455555041B8D8B0D0095499D /* Matchismo */,
				4555551D1B8D8B0D0095499D /* MatchismoTests */,
			);
		};
/* End PBXProject section */

/* Begin PBXResourcesBuildPhase section */
		455555031B8D8B0D0095499D /* Resources */ = {
			isa = PBXResourcesBuildPhase;
			buildActionMask = 2147483647;
			files = (
				455555141B8D8B0D0095499D /* Main.storyboard in Resources */,
				455555191B8D8B0D0095499D /* LaunchScreen.xib in Resources */,
				455555161B8D8B0D0095499D /* Images.xcassets in Resources */,
			);
			runOnlyForDeploymentPostprocessing = 0;
		};
		4555551C1B8D8B0D0095499D /* Resources */ = {
			isa = PBXResourcesBuildPhase;
			buildActionMask = 2147483647;
			files = (
			);
			runOnlyForDeploymentPostprocessing = 0;
		};
/* End PBXResourcesBuildPhase section */

/* Begin PBXSourcesBuildPhase section */
		455555011B8D8B0D0095499D /* Sources */ = {
			isa = PBXSourcesBuildPhase;
			buildActionMask = 2147483647;
			files = (
				455555111B8D8B0D0095499D /* ViewController.m in Sources */,
				4555550E1B8D8B0D0095499D /* AppDelegate.m in Sources */,
				4555550B1B8D8B0D0095499D /* main.m in Sources */,
				455744731B8DA73000EC708B /* PlayingCard.m in Sources */,
				45F070641B90060F005ECF68 /* CardMatchingGame.m in Sources */,
				455744791B8DA76600EC708B /* PlayingCardDeck.m in Sources */,
				455744761B8DA74900EC708B /* Deck.m in Sources */,
				455744701B8DA6FD00EC708B /* Card.m in Sources */,
			);
			runOnlyForDeploymentPostprocessing = 0;
		};
		4555551A1B8D8B0D0095499D /* Sources */ = {
			isa = PBXSourcesBuildPhase;
			buildActionMask = 2147483647;
			files = (
				455555251B8D8B0D0095499D /* MatchismoTests.m in Sources */,
			);
			runOnlyForDeploymentPostprocessing = 0;
		};
/* End PBXSourcesBuildPhase section */

/* Begin PBXTargetDependency section */
		455555201B8D8B0D0095499D /* PBXTargetDependency */ = {
			isa = PBXTargetDependency;
			target = 455555041B8D8B0D0095499D /* Matchismo */;
			targetProxy = 4555551F1B8D8B0D0095499D /* PBXContainerItemProxy */;
		};
/* End PBXTargetDependency section */

/* Begin PBXVariantGroup section */
		455555121B8D8B0D0095499D /* Main.storyboard */ = {
			isa = PBXVariantGroup;
			children = (
				455555131B8D8B0D0095499D /* Base */,
			);
			name = Main.storyboard;
			sourceTree = "<group>";
		};
		455555171B8D8B0D0095499D /* LaunchScreen.xib */ = {
			isa = PBXVariantGroup;
			children = (
				455555181B8D8B0D0095499D /* Base */,
			);
			name = LaunchScreen.xib;
			sourceTree = "<group>";
		};
/* End PBXVariantGroup section */

/* Begin XCBuildConfiguration section */
		455555261B8D8B0D0095499D /* Debug */ = {
			isa = XCBuildConfiguration;
			buildSettings = {
				ALWAYS_SEARCH_USER_PATHS = NO;
				CLANG_CXX_LANGUAGE_STANDARD = "gnu++0x";
				CLANG_CXX_LIBRARY = "libc++";
				CLANG_ENABLE_MODULES = YES;
				CLANG_ENABLE_OBJC_ARC = YES;
				CLANG_WARN_BOOL_CONVERSION = YES;
				CLANG_WARN_CONSTANT_CONVERSION = YES;
				CLANG_WARN_DIRECT_OBJC_ISA_USAGE = YES_ERROR;
				CLANG_WARN_EMPTY_BODY = YES;
				CLANG_WARN_ENUM_CONVERSION = YES;
				CLANG_WARN_INT_CONVERSION = YES;
				CLANG_WARN_OBJC_ROOT_CLASS = YES_ERROR;
				CLANG_WARN_UNREACHABLE_CODE = YES;
				CLANG_WARN__DUPLICATE_METHOD_MATCH = YES;
				CODE_SIGN_IDENTITY = "";
				"CODE_SIGN_IDENTITY[sdk=iphoneos*]" = "";
				COPY_PHASE_STRIP = NO;
				DEBUG_INFORMATION_FORMAT = "dwarf-with-dsym";
				ENABLE_STRICT_OBJC_MSGSEND = YES;
				GCC_C_LANGUAGE_STANDARD = gnu99;
				GCC_DYNAMIC_NO_PIC = NO;
				GCC_NO_COMMON_BLOCKS = YES;
				GCC_OPTIMIZATION_LEVEL = 0;
				GCC_PREPROCESSOR_DEFINITIONS = (
					"DEBUG=1",
					"$(inherited)",
				);
				GCC_SYMBOLS_PRIVATE_EXTERN = NO;
				GCC_WARN_64_TO_32_BIT_CONVERSION = YES;
				GCC_WARN_ABOUT_RETURN_TYPE = YES_ERROR;
				GCC_WARN_UNDECLARED_SELECTOR = YES;
				GCC_WARN_UNINITIALIZED_AUTOS = YES_AGGRESSIVE;
				GCC_WARN_UNUSED_FUNCTION = YES;
				GCC_WARN_UNUSED_VARIABLE = YES;
				IPHONEOS_DEPLOYMENT_TARGET = 7.0;
				MTL_ENABLE_DEBUG_INFO = YES;
				ONLY_ACTIVE_ARCH = YES;
				SDKROOT = iphoneos;
			};
			name = Debug;
		};
		455555271B8D8B0D0095499D /* Release */ = {
			isa = XCBuildConfiguration;
			buildSettings = {
				ALWAYS_SEARCH_USER_PATHS = NO;
				CLANG_CXX_LANGUAGE_STANDARD = "gnu++0x";
				CLANG_CXX_LIBRARY = "libc++";
				CLANG_ENABLE_MODULES = YES;
				CLANG_ENABLE_OBJC_ARC = YES;
				CLANG_WARN_BOOL_CONVERSION = YES;
				CLANG_WARN_CONSTANT_CONVERSION = YES;
				CLANG_WARN_DIRECT_OBJC_ISA_USAGE = YES_ERROR;
				CLANG_WARN_EMPTY_BODY = YES;
				CLANG_WARN_ENUM_CONVERSION = YES;
				CLANG_WARN_INT_CONVERSION = YES;
				CLANG_WARN_OBJC_ROOT_CLASS = YES_ERROR;
				CLANG_WARN_UNREACHABLE_CODE = YES;
				CLANG_WARN__DUPLICATE_METHOD_MATCH = YES;
				CODE_SIGN_IDENTITY = "";
				"CODE_SIGN_IDENTITY[sdk=iphoneos*]" = "";
				COPY_PHASE_STRIP = NO;
				DEBUG_INFORMATION_FORMAT = "dwarf-with-dsym";
				ENABLE_NS_ASSERTIONS = NO;
				ENABLE_STRICT_OBJC_MSGSEND = YES;
				GCC_C_LANGUAGE_STANDARD = gnu99;
				GCC_NO_COMMON_BLOCKS = YES;
				GCC_WARN_64_TO_32_BIT_CONVERSION = YES;
				GCC_WARN_ABOUT_RETURN_TYPE = YES_ERROR;
				GCC_WARN_UNDECLARED_SELECTOR = YES;
				GCC_WARN_UNINITIALIZED_AUTOS = YES_AGGRESSIVE;
				GCC_WARN_UNUSED_FUNCTION = YES;
				GCC_WARN_UNUSED_VARIABLE = YES;
				IPHONEOS_DEPLOYMENT_TARGET = 7.0;
				MTL_ENABLE_DEBUG_INFO = NO;
				SDKROOT = iphoneos;
				VALIDATE_PRODUCT = YES;
			};
			name = Release;
		};
		455555291B8D8B0D0095499D /* Debug */ = {
			isa = XCBuildConfiguration;
			buildSettings = {
				ASSETCATALOG_COMPILER_APPICON_NAME = AppIcon;
				CODE_SIGN_IDENTITY = "iPhone Developer";
				"CODE_SIGN_IDENTITY[sdk=iphoneos*]" = "iPhone Developer";
				INFOPLIST_FILE = Matchismo/Info.plist;
				LD_RUNPATH_SEARCH_PATHS = "$(inherited) @executable_path/Frameworks";
				PRODUCT_NAME = "$(TARGET_NAME)";
				PROVISIONING_PROFILE = "";
			};
			name = Debug;
		};
		4555552A1B8D8B0D0095499D /* Release */ = {
			isa = XCBuildConfiguration;
			buildSettings = {
				ASSETCATALOG_COMPILER_APPICON_NAME = AppIcon;
				CODE_SIGN_IDENTITY = "iPhone Developer";
				"CODE_SIGN_IDENTITY[sdk=iphoneos*]" = "iPhone Developer";
				INFOPLIST_FILE = Matchismo/Info.plist;
				LD_RUNPATH_SEARCH_PATHS = "$(inherited) @executable_path/Frameworks";
				PRODUCT_NAME = "$(TARGET_NAME)";
				PROVISIONING_PROFILE = "";
			};
			name = Release;
		};
		4555552C1B8D8B0D0095499D /* Debug */ = {
			isa = XCBuildConfiguration;
			buildSettings = {
				BUNDLE_LOADER = "$(TEST_HOST)";
				CODE_SIGN_IDENTITY = "iPhone Developer";
				"CODE_SIGN_IDENTITY[sdk=iphoneos*]" = "iPhone Developer";
				FRAMEWORK_SEARCH_PATHS = (
					"$(SDKROOT)/Developer/Library/Frameworks",
					"$(inherited)",
				);
				GCC_PREPROCESSOR_DEFINITIONS = (
					"DEBUG=1",
					"$(inherited)",
				);
				INFOPLIST_FILE = MatchismoTests/Info.plist;
				LD_RUNPATH_SEARCH_PATHS = "$(inherited) @executable_path/Frameworks @loader_path/Frameworks";
				PRODUCT_NAME = "$(TARGET_NAME)";
				PROVISIONING_PROFILE = "";
				TEST_HOST = "$(BUILT_PRODUCTS_DIR)/Matchismo.app/Matchismo";
			};
			name = Debug;
		};
		4555552D1B8D8B0D0095499D /* Release */ = {
			isa = XCBuildConfiguration;
			buildSettings = {
				BUNDLE_LOADER = "$(TEST_HOST)";
				CODE_SIGN_IDENTITY = "iPhone Developer";
				"CODE_SIGN_IDENTITY[sdk=iphoneos*]" = "iPhone Developer";
				FRAMEWORK_SEARCH_PATHS = (
					"$(SDKROOT)/Developer/Library/Frameworks",
					"$(inherited)",
				);
				INFOPLIST_FILE = MatchismoTests/Info.plist;
				LD_RUNPATH_SEARCH_PATHS = "$(inherited) @executable_path/Frameworks @loader_path/Frameworks";
				PRODUCT_NAME = "$(TARGET_NAME)";
				PROVISIONING_PROFILE = "";
				TEST_HOST = "$(BUILT_PRODUCTS_DIR)/Matchismo.app/Matchismo";
			};
			name = Release;
		};
/* End XCBuildConfiguration section */

/* Begin XCConfigurationList section */
		455555001B8D8B0D0095499D /* Build configuration list for PBXProject "Matchismo" */ = {
			isa = XCConfigurationList;
			buildConfigurations = (
				455555261B8D8B0D0095499D /* Debug */,
				455555271B8D8B0D0095499D /* Release */,
			);
			defaultConfigurationIsVisible = 0;
			defaultConfigurationName = Release;
		};
		455555281B8D8B0D0095499D /* Build configuration list for PBXNativeTarget "Matchismo" */ = {
			isa = XCConfigurationList;
			buildConfigurations = (
				455555291B8D8B0D0095499D /* Debug */,
				4555552A1B8D8B0D0095499D /* Release */,
			);
			defaultConfigurationIsVisible = 0;
			defaultConfigurationName = Release;
		};
		4555552B1B8D8B0D0095499D /* Build configuration list for PBXNativeTarget "MatchismoTests" */ = {
			isa = XCConfigurationList;
			buildConfigurations = (
				4555552C1B8D8B0D0095499D /* Debug */,
				4555552D1B8D8B0D0095499D /* Release */,
			);
			defaultConfigurationIsVisible = 0;
			defaultConfigurationName = Release;
		};
/* End XCConfigurationList section */
	};
	rootObject = 455554FD1B8D8B0D0095499D /* Project object */;
}
